
Microsoft Visual Studio Solution File, Format Version 12.00
Project("{FAE04EC0-301F-11D3-BF4B-00C04F79EFBC}") = "ItemLink", "ItemLink.csproj", "{6C07200A-3881-4C2A-8EBF-370A00F20A6E}"
EndProject
Global
	GlobalSection(SolutionConfigurationPlatforms) = preSolution
		Debug|Any CPU = Debug|Any CPU
		Release|Any CPU = Release|Any CPU
	EndGlobalSection
	GlobalSection(ProjectConfigurationPlatforms) = postSolution
		{6C07200A-3881-4C2A-8EBF-370A00F20A6E}.Debug|Any CPU.ActiveCfg = Debug|Any CPU
		{6C07200A-3881-4C2A-8EBF-370A00F20A6E}.Debug|Any CPU.Build.0 = Debug|Any CPU
		{6C07200A-3881-4C2A-8EBF-370A00F20A6E}.Release|Any CPU.ActiveCfg = Release|Any CPU
		{6C07200A-3881-4C2A-8EBF-370A00F20A6E}.Release|Any CPU.Build.0 = Release|Any CPU
	EndGlobalSection
EndGlobal
